// !$*UTF8*$!
{
	archiveVersion = 1;
	classes = {
	};
	objectVersion = 46;
	objects = {

/* Begin PBXBuildFile section */
		05294F8E1D60DA3000F8797F /* CassiniViewController.swift in Sources */ = {isa = PBXBuildFile; fileRef = 05294F8D1D60DA3000F8797F /* CassiniViewController.swift */; };
		05294F921D60DF8600F8797F /* DemoURL.swift in Sources */ = {isa = PBXBuildFile; fileRef = 05294F911D60DF8600F8797F /* DemoURL.swift */; };
		05EE75201D5FAAEE006CF0DE /* AppDelegate.swift in Sources */ = {isa = PBXBuildFile; fileRef = 05EE751F1D5FAAEE006CF0DE /* AppDelegate.swift */; };
		05EE75251D5FAAEE006CF0DE /* Main.storyboard in Resources */ = {isa = PBXBuildFile; fileRef = 05EE75231D5FAAEE006CF0DE /* Main.storyboard */; };
		05EE75271D5FAAEE006CF0DE /* Assets.xcassets in Resources */ = {isa = PBXBuildFile; fileRef = 05EE75261D5FAAEE006CF0DE /* Assets.xcassets */; };
		05EE752A1D5FAAEE006CF0DE /* LaunchScreen.storyboard in Resources */ = {isa = PBXBuildFile; fileRef = 05EE75281D5FAAEE006CF0DE /* LaunchScreen.storyboard */; };
		05EE75331D5FAB3A006CF0DE /* ImageViewController.swift in Sources */ = {isa = PBXBuildFile; fileRef = 05EE75321D5FAB3A006CF0DE /* ImageViewController.swift */; };
/* End PBXBuildFile section */

/* Begin PBXFileReference section */
		05294F8D1D60DA3000F8797F /* CassiniViewController.swift */ = {isa = PBXFileReference; fileEncoding = 4; lastKnownFileType = sourcecode.swift; path = CassiniViewController.swift; sourceTree = "<group>"; };
		05294F911D60DF8600F8797F /* DemoURL.swift */ = {isa = PBXFileReference; fileEncoding = 4; lastKnownFileType = sourcecode.swift; path = DemoURL.swift; sourceTree = "<group>"; };
		05EE751C1D5FAAEE006CF0DE /* Cassini.app */ = {isa = PBXFileReference; explicitFileType = wrapper.application; includeInIndex = 0; path = Cassini.app; sourceTree = BUILT_PRODUCTS_DIR; };
		05EE751F1D5FAAEE006CF0DE /* AppDelegate.swift */ = {isa = PBXFileReference; lastKnownFileType = sourcecode.swift; path = AppDelegate.swift; sourceTree = "<group>"; };
		05EE75241D5FAAEE006CF0DE /* Base */ = {isa = PBXFileReference; lastKnownFileType = file.storyboard; name = Base; path = Base.lproj/Main.storyboard; sourceTree = "<group>"; };
		05EE75261D5FAAEE006CF0DE /* Assets.xcassets */ = {isa = PBXFileReference; lastKnownFileType = folder.assetcatalog; path = Assets.xcassets; sourceTree = "<group>"; };
		05EE75291D5FAAEE006CF0DE /* Base */ = {isa = PBXFileReference; lastKnownFileType = file.storyboard; name = Base; path = Base.lproj/LaunchScreen.storyboard; sourceTree = "<group>"; };
		05EE752B1D5FAAEE006CF0DE /* Info.plist */ = {isa = PBXFileReference; lastKnownFileType = text.plist.xml; path = Info.plist; sourceTree = "<group>"; };
		05EE75321D5FAB3A006CF0DE /* ImageViewController.swift */ = {isa = PBXFileReference; fileEncoding = 4; lastKnownFileType = sourcecode.swift; path = ImageViewController.swift; sourceTree = "<group>"; };
/* End PBXFileReference section */

/* Begin PBXFrameworksBuildPhase section */
		05EE75191D5FAAEE006CF0DE /* Frameworks */ = {
			isa = PBXFrameworksBuildPhase;
			buildActionMask = 2147483647;
			files = (
			);
			runOnlyForDeploymentPostprocessing = 0;
		};
/* End PBXFrameworksBuildPhase section */

/* Begin PBXGroup section */
		05EE75131D5FAAEE006CF0DE = {
			isa = PBXGroup;
			children = (
				05EE751E1D5FAAEE006CF0DE /* Cassini */,
				05EE751D1D5FAAEE006CF0DE /* Products */,
			);
			sourceTree = "<group>";
		};
		05EE751D1D5FAAEE006CF0DE /* Products */ = {
			isa = PBXGroup;
			children = (
				05EE751C1D5FAAEE006CF0DE /* Cassini.app */,
			);
			name = Products;
			sourceTree = "<group>";
		};
		05EE751E1D5FAAEE006CF0DE /* Cassini */ = {
			isa = PBXGroup;
			children = (
				05294F911D60DF8600F8797F /* DemoURL.swift */,
				05EE75311D5FAAF9006CF0DE /* Supporting Files */,
				05EE752B1D5FAAEE006CF0DE /* Info.plist */,
				05EE75231D5FAAEE006CF0DE /* Main.storyboard */,
				05294F8D1D60DA3000F8797F /* CassiniViewController.swift */,
				05EE75321D5FAB3A006CF0DE /* ImageViewController.swift */,
			);
			path = Cassini;
			sourceTree = "<group>";
		};
		05EE75311D5FAAF9006CF0DE /* Supporting Files */ = {
			isa = PBXGroup;
			children = (
				05EE751F1D5FAAEE006CF0DE /* AppDelegate.swift */,
				05EE75261D5FAAEE006CF0DE /* Assets.xcassets */,
				05EE75281D5FAAEE006CF0DE /* LaunchScreen.storyboard */,
			);
			name = "Supporting Files";
			sourceTree = "<group>";
		};
/* End PBXGroup section */

/* Begin PBXNativeTarget section */
		05EE751B1D5FAAEE006CF0DE /* Cassini */ = {
			isa = PBXNativeTarget;
			buildConfigurationList = 05EE752E1D5FAAEE006CF0DE /* Build configuration list for PBXNativeTarget "Cassini" */;
			buildPhases = (
				05EE75181D5FAAEE006CF0DE /* Sources */,
				05EE75191D5FAAEE006CF0DE /* Frameworks */,
				05EE751A1D5FAAEE006CF0DE /* Resources */,
			);
			buildRules = (
			);
			dependencies = (
			);
			name = Cassini;
			productName = Cassini;
			productReference = 05EE751C1D5FAAEE006CF0DE /* Cassini.app */;
			productType = "com.apple.product-type.application";
		};
/* End PBXNativeTarget section */

/* Begin PBXProject section */
		05EE75141D5FAAEE006CF0DE /* Project object */ = {
			isa = PBXProject;
			attributes = {
				LastSwiftUpdateCheck = 0730;
				LastUpgradeCheck = 0730;
				ORGANIZATIONNAME = "Alana Anderson";
				TargetAttributes = {
					05EE751B1D5FAAEE006CF0DE = {
						CreatedOnToolsVersion = 7.3.1;
						DevelopmentTeam = 39QAE8SJ6Q;
					};
				};
			};
			buildConfigurationList = 05EE75171D5FAAEE006CF0DE /* Build configuration list for PBXProject "Cassini" */;
			compatibilityVersion = "Xcode 3.2";
			developmentRegion = English;
			hasScannedForEncodings = 0;
			knownRegions = (
				en,
				Base,
			);
			mainGroup = 05EE75131D5FAAEE006CF0DE;
			productRefGroup = 05EE751D1D5FAAEE006CF0DE /* Products */;
			projectDirPath = "";
			projectRoot = "";
			targets = (
				05EE751B1D5FAAEE006CF0DE /* Cassini */,
			);
		};
/* End PBXProject section */

/* Begin PBXResourcesBuildPhase section */
		05EE751A1D5FAAEE006CF0DE /* Resources */ = {
			isa = PBXResourcesBuildPhase;
			buildActionMask = 2147483647;
			files = (
				05EE752A1D5FAAEE006CF0DE /* LaunchScreen.storyboard in Resources */,
				05EE75271D5FAAEE006CF0DE /* Assets.xcassets in Resources */,
				05EE75251D5FAAEE006CF0DE /* Main.storyboard in Resources */,
			);
			runOnlyForDeploymentPostprocessing = 0;
		};
/* End PBXResourcesBuildPhase section */

/* Begin PBXSourcesBuildPhase section */
		05EE75181D5FAAEE006CF0DE /* Sources */ = {
			isa = PBXSourcesBuildPhase;
			buildActionMask = 2147483647;
			files = (
				05294F921D60DF8600F8797F /* DemoURL.swift in Sources */,
				05EE75331D5FAB3A006CF0DE /* ImageViewController.swift in Sources */,
				05EE75201D5FAAEE006CF0DE /* AppDelegate.swift in Sources */,
				05294F8E1D60DA3000F8797F /* CassiniViewController.swift in Sources */,
			);
			runOnlyForDeploymentPostprocessing = 0;
		};
/* End PBXSourcesBuildPhase section */

/* Begin PBXVariantGroup section */
		05EE75231D5FAAEE006CF0DE /* Main.storyboard */ = {
			isa = PBXVariantGroup;
			children = (
				05EE75241D5FAAEE006CF0DE /* Base */,
			);
			name = Main.storyboard;
			sourceTree = "<group>";
		};
		05EE75281D5FAAEE006CF0DE /* LaunchScreen.storyboard */ = {
			isa = PBXVariantGroup;
			children = (
				05EE75291D5FAAEE006CF0DE /* Base */,
			);
			name = LaunchScreen.storyboard;
			sourceTree = "<group>";
		};
/* End PBXVariantGroup section */

/* Begin XCBuildConfiguration section */
		05EE752C1D5FAAEE006CF0DE /* Debug */ = {
			isa = XCBuildConfiguration;
			buildSettings = {
				ALWAYS_SEARCH_USER_PATHS = NO;
				CLANG_ANALYZER_NONNULL = YES;
				CLANG_CXX_LANGUAGE_STANDARD = "gnu++0x";
				CLANG_CXX_LIBRARY = "libc++";
				CLANG_ENABLE_MODULES = YES;
				CLANG_ENABLE_OBJC_ARC = YES;
				CLANG_WARN_BOOL_CONVERSION = YES;
				CLANG_WARN_CONSTANT_CONVERSION = YES;
				CLANG_WARN_DIRECT_OBJC_ISA_USAGE = YES_ERROR;
				CLANG_WARN_EMPTY_BODY = YES;
				CLANG_WARN_ENUM_CONVERSION = YES;
				CLANG_WARN_INT_CONVERSION = YES;
				CLANG_WARN_OBJC_ROOT_CLASS = YES_ERROR;
				CLANG_WARN_UNREACHABLE_CODE = YES;
				CLANG_WARN__DUPLICATE_METHOD_MATCH = YES;
				"CODE_SIGN_IDENTITY[sdk=iphoneos*]" = "iPhone Developer";
				COPY_PHASE_STRIP = NO;
				DEBUG_INFORMATION_FORMAT = dwarf;
				ENABLE_STRICT_OBJC_MSGSEND = YES;
				ENABLE_TESTABILITY = YES;
				GCC_C_LANGUAGE_STANDARD = gnu99;
				GCC_DYNAMIC_NO_PIC = NO;
				GCC_NO_COMMON_BLOCKS = YES;
				GCC_OPTIMIZATION_LEVEL = 0;
				GCC_PREPROCESSOR_DEFINITIONS = (
					"DEBUG=1",
					"$(inherited)",
				);
				GCC_WARN_64_TO_32_BIT_CONVERSION = YES;
				GCC_WARN_ABOUT_RETURN_TYPE = YES_ERROR;
				GCC_WARN_UNDECLARED_SELECTOR = YES;
				GCC_WARN_UNINITIALIZED_AUTOS = YES_AGGRESSIVE;
				GCC_WARN_UNUSED_FUNCTION = YES;
				GCC_WARN_UNUSED_VARIABLE = YES;
				IPHONEOS_DEPLOYMENT_TARGET = 9.3;
				MTL_ENABLE_DEBUG_INFO = YES;
				ONLY_ACTIVE_ARCH = YES;
				SDKROOT = iphoneos;
				SWIFT_OPTIMIZATION_LEVEL = "-Onone";
				TARGETED_DEVICE_FAMILY = "1,2";
			};
			name = Debug;
		};
		05EE752D1D5FAAEE006CF0DE /* Release */ = {
			isa = XCBuildConfiguration;
			buildSettings = {
				ALWAYS_SEARCH_USER_PATHS = NO;
				CLANG_ANALYZER_NONNULL = YES;
				CLANG_CXX_LANGUAGE_STANDARD = "gnu++0x";
				CLANG_CXX_LIBRARY = "libc++";
				CLANG_ENABLE_MODULES = YES;
				CLANG_ENABLE_OBJC_ARC = YES;
				CLANG_WARN_BOOL_CONVERSION = YES;
				CLANG_WARN_CONSTANT_CONVERSION = YES;
				CLANG_WARN_DIRECT_OBJC_ISA_USAGE = YES_ERROR;
				CLANG_WARN_EMPTY_BODY = YES;
				CLANG_WARN_ENUM_CONVERSION = YES;
				CLANG_WARN_INT_CONVERSION = YES;
				CLANG_WARN_OBJC_ROOT_CLASS = YES_ERROR;
				CLANG_WARN_UNREACHABLE_CODE = YES;
				CLANG_WARN__DUPLICATE_METHOD_MATCH = YES;
				"CODE_SIGN_IDENTITY[sdk=iphoneos*]" = "iPhone Developer";
				COPY_PHASE_STRIP = NO;
				DEBUG_INFORMATION_FORMAT = "dwarf-with-dsym";
				ENABLE_NS_ASSERTIONS = NO;
				ENABLE_STRICT_OBJC_MSGSEND = YES;
				GCC_C_LANGUAGE_STANDARD = gnu99;
				GCC_NO_COMMON_BLOCKS = YES;
				GCC_WARN_64_TO_32_BIT_CONVERSION = YES;
				GCC_WARN_ABOUT_RETURN_TYPE = YES_ERROR;
				GCC_WARN_UNDECLARED_SELECTOR = YES;
				GCC_WARN_UNINITIALIZED_AUTOS = YES_AGGRESSIVE;
				GCC_WARN_UNUSED_FUNCTION = YES;
				GCC_WARN_UNUSED_VARIABLE = YES;
				IPHONEOS_DEPLOYMENT_TARGET = 9.3;
				MTL_ENABLE_DEBUG_INFO = NO;
				SDKROOT = iphoneos;
				TARGETED_DEVICE_FAMILY = "1,2";
				VALIDATE_PRODUCT = YES;
			};
			name = Release;
		};
		05EE752F1D5FAAEE006CF0DE /* Debug */ = {
			isa = XCBuildConfiguration;
			buildSettings = {
				ASSETCATALOG_COMPILER_APPICON_NAME = AppIcon;
				CODE_SIGN_IDENTITY = "iPhone Developer";
				"CODE_SIGN_IDENTITY[sdk=iphoneos*]" = "iPhone Developer";
				INFOPLIST_FILE = Cassini/Info.plist;
				LD_RUNPATH_SEARCH_PATHS = "$(inherited) @executable_path/Frameworks";
				PRODUCT_BUNDLE_IDENTIFIER = edu.stanford.cs193p.alana.Cassini;
				PRODUCT_NAME = "$(TARGET_NAME)";
				PROVISIONING_PROFILE = "";
			};
			name = Debug;
		};
		05EE75301D5FAAEE006CF0DE /* Release */ = {
			isa = XCBuildConfiguration;
			buildSettings = {
				ASSETCATALOG_COMPILER_APPICON_NAME = AppIcon;
				CODE_SIGN_IDENTITY = "iPhone Developer";
				"CODE_SIGN_IDENTITY[sdk=iphoneos*]" = "iPhone Developer";
				INFOPLIST_FILE = Cassini/Info.plist;
				LD_RUNPATH_SEARCH_PATHS = "$(inherited) @executable_path/Frameworks";
				PRODUCT_BUNDLE_IDENTIFIER = edu.stanford.cs193p.alana.Cassini;
				PRODUCT_NAME = "$(TARGET_NAME)";
				PROVISIONING_PROFILE = "";
			};
			name = Release;
		};
/* End XCBuildConfiguration section */

/* Begin XCConfigurationList section */
		05EE75171D5FAAEE006CF0DE /* Build configuration list for PBXProject "Cassini" */ = {
			isa = XCConfigurationList;
			buildConfigurations = (
				05EE752C1D5FAAEE006CF0DE /* Debug */,
				05EE752D1D5FAAEE006CF0DE /* Release */,
			);
			defaultConfigurationIsVisible = 0;
			defaultConfigurationName = Release;
		};
		05EE752E1D5FAAEE006CF0DE /* Build configuration list for PBXNativeTarget "Cassini" */ = {
			isa = XCConfigurationList;
			buildConfigurations = (
				05EE752F1D5FAAEE006CF0DE /* Debug */,
				05EE75301D5FAAEE006CF0DE /* Release */,
			);
			defaultConfigurationIsVisible = 0;
			defaultConfigurationName = Release;
		};
/* End XCConfigurationList section */
	};
	rootObject = 05EE75141D5FAAEE006CF0DE /* Project object */;
}
